
Microsoft Visual Studio Solution File, Format Version 12.00
# Visual Studio Version 17
VisualStudioVersion = 17.2.32616.157
MinimumVisualStudioVersion = 10.0.40219.1
Project("{FAE04EC0-301F-11D3-BF4B-00C04F79EFBC}") = "Laba 3", "Laba 3.csproj", "{3C47E593-4C1E-4CD7-AC9F-A926D73CE0A2}"
EndProject
Global
	GlobalSection(SolutionConfigurationPlatforms) = preSolution
		Debug|Any CPU = Debug|Any CPU
		Release|Any CPU = Release|Any CPU
	EndGlobalSection
	GlobalSection(ProjectConfigurationPlatforms) = postSolution
		{3C47E593-4C1E-4CD7-AC9F-A926D73CE0A2}.Debug|Any CPU.ActiveCfg = Debug|Any CPU
		{3C47E593-4C1E-4CD7-AC9F-A926D73CE0A2}.Debug|Any CPU.Build.0 = Debug|Any CPU
		{3C47E593-4C1E-4CD7-AC9F-A926D73CE0A2}.Release|Any CPU.ActiveCfg = Release|Any CPU
		{3C47E593-4C1E-4CD7-AC9F-A926D73CE0A2}.Release|Any CPU.Build.0 = Release|Any CPU
	EndGlobalSection
	GlobalSection(SolutionProperties) = preSolution
		HideSolutionNode = FALSE
	EndGlobalSection
	GlobalSection(ExtensibilityGlobals) = postSolution
		SolutionGuid = {9D98B25A-8680-403C-9A10-5D67734A8CC1}
	EndGlobalSection
EndGlobal
